// !$*UTF8*$!
{
	archiveVersion = 1;
	classes = {
	};
	objectVersion = 56;
	objects = {

/* Begin PBXBuildFile section */
		0956791E2BC7C5870030F0CD /* AppDelegate.swift in Sources */ = {isa = PBXBuildFile; fileRef = 0956791D2BC7C5870030F0CD /* AppDelegate.swift */; };
		095679202BC7C5870030F0CD /* SceneDelegate.swift in Sources */ = {isa = PBXBuildFile; fileRef = 0956791F2BC7C5870030F0CD /* SceneDelegate.swift */; };
		095679222BC7C5870030F0CD /* ViewController.swift in Sources */ = {isa = PBXBuildFile; fileRef = 095679212BC7C5870030F0CD /* ViewController.swift */; };
		095679252BC7C5870030F0CD /* Main.storyboard in Resources */ = {isa = PBXBuildFile; fileRef = 095679232BC7C5870030F0CD /* Main.storyboard */; };
		095679272BC7C5880030F0CD /* Assets.xcassets in Resources */ = {isa = PBXBuildFile; fileRef = 095679262BC7C5880030F0CD /* Assets.xcassets */; };
		0956792A2BC7C5880030F0CD /* LaunchScreen.storyboard in Resources */ = {isa = PBXBuildFile; fileRef = 095679282BC7C5880030F0CD /* LaunchScreen.storyboard */; };
		095679332BC7C5BD0030F0CD /* SnapKit in Frameworks */ = {isa = PBXBuildFile; productRef = 095679322BC7C5BD0030F0CD /* SnapKit */; };
		095679362BC7C6150030F0CD /* Alamofire in Frameworks */ = {isa = PBXBuildFile; productRef = 095679352BC7C6150030F0CD /* Alamofire */; };
		095679392BC7C6340030F0CD /* RxCocoa in Frameworks */ = {isa = PBXBuildFile; productRef = 095679382BC7C6340030F0CD /* RxCocoa */; };
		0956793B2BC7C6340030F0CD /* RxSwift in Frameworks */ = {isa = PBXBuildFile; productRef = 0956793A2BC7C6340030F0CD /* RxSwift */; };
		0956793D2BC7C64D0030F0CD /* .gitignore in Resources */ = {isa = PBXBuildFile; fileRef = 0956793C2BC7C64D0030F0CD /* .gitignore */; };
		095679442BC7C6B80030F0CD /* BaseView.swift in Sources */ = {isa = PBXBuildFile; fileRef = 095679432BC7C6B80030F0CD /* BaseView.swift */; };
		095679462BC7C6E90030F0CD /* BaseViewController.swift in Sources */ = {isa = PBXBuildFile; fileRef = 095679452BC7C6E90030F0CD /* BaseViewController.swift */; };
		095679492BC7C7770030F0CD /* LoginViewController.swift in Sources */ = {isa = PBXBuildFile; fileRef = 095679482BC7C7770030F0CD /* LoginViewController.swift */; };
		0956794B2BC7C7860030F0CD /* LoginView.swift in Sources */ = {isa = PBXBuildFile; fileRef = 0956794A2BC7C7860030F0CD /* LoginView.swift */; };
		0956794E2BC7C7FF0030F0CD /* UIButton.Configuration+Extension.swift in Sources */ = {isa = PBXBuildFile; fileRef = 0956794D2BC7C7FF0030F0CD /* UIButton.Configuration+Extension.swift */; };
		095679512BC7C90B0030F0CD /* Line.swift in Sources */ = {isa = PBXBuildFile; fileRef = 095679502BC7C90B0030F0CD /* Line.swift */; };
		095679532BC7CB1D0030F0CD /* JoinView.swift in Sources */ = {isa = PBXBuildFile; fileRef = 095679522BC7CB1D0030F0CD /* JoinView.swift */; };
		095679552BC7CBF30030F0CD /* JoinLabel.swift in Sources */ = {isa = PBXBuildFile; fileRef = 095679542BC7CBF30030F0CD /* JoinLabel.swift */; };
		095679572BC7CEA60030F0CD /* JoinViewController.swift in Sources */ = {isa = PBXBuildFile; fileRef = 095679562BC7CEA60030F0CD /* JoinViewController.swift */; };
		095679592BC7CF640030F0CD /* LoginViewModel.swift in Sources */ = {isa = PBXBuildFile; fileRef = 095679582BC7CF640030F0CD /* LoginViewModel.swift */; };
		0956795B2BC7D0C80030F0CD /* JoinViewModel.swift in Sources */ = {isa = PBXBuildFile; fileRef = 0956795A2BC7D0C80030F0CD /* JoinViewModel.swift */; };
		0956795E2BC7DF4E0030F0CD /* APIKey.swift in Sources */ = {isa = PBXBuildFile; fileRef = 0956795D2BC7DF4E0030F0CD /* APIKey.swift */; };
		095679602BC7DFA00030F0CD /* HTTPHeader.swift in Sources */ = {isa = PBXBuildFile; fileRef = 0956795F2BC7DFA00030F0CD /* HTTPHeader.swift */; };
		095679622BC7E0410030F0CD /* TargetType.swift in Sources */ = {isa = PBXBuildFile; fileRef = 095679612BC7E0410030F0CD /* TargetType.swift */; };
		095679642BC7E0D30030F0CD /* Router.swift in Sources */ = {isa = PBXBuildFile; fileRef = 095679632BC7E0D30030F0CD /* Router.swift */; };
		095679672BC7E3A10030F0CD /* JoinQuery.swift in Sources */ = {isa = PBXBuildFile; fileRef = 095679662BC7E3A10030F0CD /* JoinQuery.swift */; };
		095679692BC7E3BF0030F0CD /* LoginQuery.swift in Sources */ = {isa = PBXBuildFile; fileRef = 095679682BC7E3BF0030F0CD /* LoginQuery.swift */; };
		0956796B2BC7E48B0030F0CD /* NetworkManager.swift in Sources */ = {isa = PBXBuildFile; fileRef = 0956796A2BC7E48B0030F0CD /* NetworkManager.swift */; };
		0956796E2BC7E4F50030F0CD /* JoinModel.swift in Sources */ = {isa = PBXBuildFile; fileRef = 0956796D2BC7E4F50030F0CD /* JoinModel.swift */; };
		095679702BC7E5350030F0CD /* LoginModel.swift in Sources */ = {isa = PBXBuildFile; fileRef = 0956796F2BC7E5350030F0CD /* LoginModel.swift */; };
		095679732BC7EAE90030F0CD /* ProfileView.swift in Sources */ = {isa = PBXBuildFile; fileRef = 095679722BC7EAE90030F0CD /* ProfileView.swift */; };
		095679752BC7EAF90030F0CD /* ProfileViewController.swift in Sources */ = {isa = PBXBuildFile; fileRef = 095679742BC7EAF90030F0CD /* ProfileViewController.swift */; };
		095679772BC8032F0030F0CD /* ProfileModel.swift in Sources */ = {isa = PBXBuildFile; fileRef = 095679762BC8032F0030F0CD /* ProfileModel.swift */; };
		095679792BC803CE0030F0CD /* ProfileViewModel.swift in Sources */ = {isa = PBXBuildFile; fileRef = 095679782BC803CE0030F0CD /* ProfileViewModel.swift */; };
		0956797B2BC809D10030F0CD /* WithdrawModel.swift in Sources */ = {isa = PBXBuildFile; fileRef = 0956797A2BC809D10030F0CD /* WithdrawModel.swift */; };
		0956797D2BC80BDC0030F0CD /* TokenModel.swift in Sources */ = {isa = PBXBuildFile; fileRef = 0956797C2BC80BDC0030F0CD /* TokenModel.swift */; };
		095679802BC821500030F0CD /* HomeViewController.swift in Sources */ = {isa = PBXBuildFile; fileRef = 0956797F2BC821500030F0CD /* HomeViewController.swift */; };
		095679822BC821580030F0CD /* HomeView.swift in Sources */ = {isa = PBXBuildFile; fileRef = 095679812BC821580030F0CD /* HomeView.swift */; };
/* End PBXBuildFile section */

/* Begin PBXFileReference section */
		0956791A2BC7C5870030F0CD /* LSLPPractice.app */ = {isa = PBXFileReference; explicitFileType = wrapper.application; includeInIndex = 0; path = LSLPPractice.app; sourceTree = BUILT_PRODUCTS_DIR; };
		0956791D2BC7C5870030F0CD /* AppDelegate.swift */ = {isa = PBXFileReference; lastKnownFileType = sourcecode.swift; path = AppDelegate.swift; sourceTree = "<group>"; };
		0956791F2BC7C5870030F0CD /* SceneDelegate.swift */ = {isa = PBXFileReference; lastKnownFileType = sourcecode.swift; path = SceneDelegate.swift; sourceTree = "<group>"; };
		095679212BC7C5870030F0CD /* ViewController.swift */ = {isa = PBXFileReference; lastKnownFileType = sourcecode.swift; path = ViewController.swift; sourceTree = "<group>"; };
		095679242BC7C5870030F0CD /* Base */ = {isa = PBXFileReference; lastKnownFileType = file.storyboard; name = Base; path = Base.lproj/Main.storyboard; sourceTree = "<group>"; };
		095679262BC7C5880030F0CD /* Assets.xcassets */ = {isa = PBXFileReference; lastKnownFileType = folder.assetcatalog; path = Assets.xcassets; sourceTree = "<group>"; };
		095679292BC7C5880030F0CD /* Base */ = {isa = PBXFileReference; lastKnownFileType = file.storyboard; name = Base; path = Base.lproj/LaunchScreen.storyboard; sourceTree = "<group>"; };
		0956792B2BC7C5880030F0CD /* Info.plist */ = {isa = PBXFileReference; lastKnownFileType = text.plist.xml; path = Info.plist; sourceTree = "<group>"; };
		0956793C2BC7C64D0030F0CD /* .gitignore */ = {isa = PBXFileReference; lastKnownFileType = text; path = .gitignore; sourceTree = "<group>"; };
		095679432BC7C6B80030F0CD /* BaseView.swift */ = {isa = PBXFileReference; lastKnownFileType = sourcecode.swift; path = BaseView.swift; sourceTree = "<group>"; };
		095679452BC7C6E90030F0CD /* BaseViewController.swift */ = {isa = PBXFileReference; lastKnownFileType = sourcecode.swift; path = BaseViewController.swift; sourceTree = "<group>"; };
		095679482BC7C7770030F0CD /* LoginViewController.swift */ = {isa = PBXFileReference; lastKnownFileType = sourcecode.swift; path = LoginViewController.swift; sourceTree = "<group>"; };
		0956794A2BC7C7860030F0CD /* LoginView.swift */ = {isa = PBXFileReference; lastKnownFileType = sourcecode.swift; path = LoginView.swift; sourceTree = "<group>"; };
		0956794D2BC7C7FF0030F0CD /* UIButton.Configuration+Extension.swift */ = {isa = PBXFileReference; lastKnownFileType = sourcecode.swift; path = "UIButton.Configuration+Extension.swift"; sourceTree = "<group>"; };
		095679502BC7C90B0030F0CD /* Line.swift */ = {isa = PBXFileReference; lastKnownFileType = sourcecode.swift; path = Line.swift; sourceTree = "<group>"; };
		095679522BC7CB1D0030F0CD /* JoinView.swift */ = {isa = PBXFileReference; lastKnownFileType = sourcecode.swift; path = JoinView.swift; sourceTree = "<group>"; };
		095679542BC7CBF30030F0CD /* JoinLabel.swift */ = {isa = PBXFileReference; lastKnownFileType = sourcecode.swift; path = JoinLabel.swift; sourceTree = "<group>"; };
		095679562BC7CEA60030F0CD /* JoinViewController.swift */ = {isa = PBXFileReference; lastKnownFileType = sourcecode.swift; path = JoinViewController.swift; sourceTree = "<group>"; };
		095679582BC7CF640030F0CD /* LoginViewModel.swift */ = {isa = PBXFileReference; lastKnownFileType = sourcecode.swift; path = LoginViewModel.swift; sourceTree = "<group>"; };
		0956795A2BC7D0C80030F0CD /* JoinViewModel.swift */ = {isa = PBXFileReference; lastKnownFileType = sourcecode.swift; path = JoinViewModel.swift; sourceTree = "<group>"; };
		0956795D2BC7DF4E0030F0CD /* APIKey.swift */ = {isa = PBXFileReference; lastKnownFileType = sourcecode.swift; path = APIKey.swift; sourceTree = "<group>"; };
		0956795F2BC7DFA00030F0CD /* HTTPHeader.swift */ = {isa = PBXFileReference; lastKnownFileType = sourcecode.swift; path = HTTPHeader.swift; sourceTree = "<group>"; };
		095679612BC7E0410030F0CD /* TargetType.swift */ = {isa = PBXFileReference; lastKnownFileType = sourcecode.swift; path = TargetType.swift; sourceTree = "<group>"; };
		095679632BC7E0D30030F0CD /* Router.swift */ = {isa = PBXFileReference; lastKnownFileType = sourcecode.swift; path = Router.swift; sourceTree = "<group>"; };
		095679662BC7E3A10030F0CD /* JoinQuery.swift */ = {isa = PBXFileReference; lastKnownFileType = sourcecode.swift; path = JoinQuery.swift; sourceTree = "<group>"; };
		095679682BC7E3BF0030F0CD /* LoginQuery.swift */ = {isa = PBXFileReference; lastKnownFileType = sourcecode.swift; path = LoginQuery.swift; sourceTree = "<group>"; };
		0956796A2BC7E48B0030F0CD /* NetworkManager.swift */ = {isa = PBXFileReference; lastKnownFileType = sourcecode.swift; path = NetworkManager.swift; sourceTree = "<group>"; };
		0956796D2BC7E4F50030F0CD /* JoinModel.swift */ = {isa = PBXFileReference; lastKnownFileType = sourcecode.swift; path = JoinModel.swift; sourceTree = "<group>"; };
		0956796F2BC7E5350030F0CD /* LoginModel.swift */ = {isa = PBXFileReference; lastKnownFileType = sourcecode.swift; path = LoginModel.swift; sourceTree = "<group>"; };
		095679722BC7EAE90030F0CD /* ProfileView.swift */ = {isa = PBXFileReference; lastKnownFileType = sourcecode.swift; path = ProfileView.swift; sourceTree = "<group>"; };
		095679742BC7EAF90030F0CD /* ProfileViewController.swift */ = {isa = PBXFileReference; lastKnownFileType = sourcecode.swift; path = ProfileViewController.swift; sourceTree = "<group>"; };
		095679762BC8032F0030F0CD /* ProfileModel.swift */ = {isa = PBXFileReference; lastKnownFileType = sourcecode.swift; path = ProfileModel.swift; sourceTree = "<group>"; };
		095679782BC803CE0030F0CD /* ProfileViewModel.swift */ = {isa = PBXFileReference; lastKnownFileType = sourcecode.swift; path = ProfileViewModel.swift; sourceTree = "<group>"; };
		0956797A2BC809D10030F0CD /* WithdrawModel.swift */ = {isa = PBXFileReference; lastKnownFileType = sourcecode.swift; path = WithdrawModel.swift; sourceTree = "<group>"; };
		0956797C2BC80BDC0030F0CD /* TokenModel.swift */ = {isa = PBXFileReference; lastKnownFileType = sourcecode.swift; path = TokenModel.swift; sourceTree = "<group>"; };
		0956797F2BC821500030F0CD /* HomeViewController.swift */ = {isa = PBXFileReference; lastKnownFileType = sourcecode.swift; path = HomeViewController.swift; sourceTree = "<group>"; };
		095679812BC821580030F0CD /* HomeView.swift */ = {isa = PBXFileReference; lastKnownFileType = sourcecode.swift; path = HomeView.swift; sourceTree = "<group>"; };
/* End PBXFileReference section */

/* Begin PBXFrameworksBuildPhase section */
		095679172BC7C5870030F0CD /* Frameworks */ = {
			isa = PBXFrameworksBuildPhase;
			buildActionMask = 2147483647;
			files = (
				095679392BC7C6340030F0CD /* RxCocoa in Frameworks */,
				095679332BC7C5BD0030F0CD /* SnapKit in Frameworks */,
				0956793B2BC7C6340030F0CD /* RxSwift in Frameworks */,
				095679362BC7C6150030F0CD /* Alamofire in Frameworks */,
			);
			runOnlyForDeploymentPostprocessing = 0;
		};
/* End PBXFrameworksBuildPhase section */

/* Begin PBXGroup section */
		095679112BC7C5870030F0CD = {
			isa = PBXGroup;
			children = (
				0956791C2BC7C5870030F0CD /* LSLPPractice */,
				0956791B2BC7C5870030F0CD /* Products */,
			);
			sourceTree = "<group>";
		};
		0956791B2BC7C5870030F0CD /* Products */ = {
			isa = PBXGroup;
			children = (
				0956791A2BC7C5870030F0CD /* LSLPPractice.app */,
			);
			name = Products;
			sourceTree = "<group>";
		};
		0956791C2BC7C5870030F0CD /* LSLPPractice */ = {
			isa = PBXGroup;
			children = (
				0956797E2BC821490030F0CD /* Home */,
				095679712BC7EAD60030F0CD /* Profile */,
				0956795C2BC7DF410030F0CD /* Network */,
				0956794F2BC7C8F40030F0CD /* Custom */,
				0956794C2BC7C7F10030F0CD /* Extension */,
				095679472BC7C76E0030F0CD /* Login */,
				095679422BC7C6A10030F0CD /* Base */,
				0956791D2BC7C5870030F0CD /* AppDelegate.swift */,
				0956791F2BC7C5870030F0CD /* SceneDelegate.swift */,
				095679212BC7C5870030F0CD /* ViewController.swift */,
				095679232BC7C5870030F0CD /* Main.storyboard */,
				095679262BC7C5880030F0CD /* Assets.xcassets */,
				095679282BC7C5880030F0CD /* LaunchScreen.storyboard */,
				0956792B2BC7C5880030F0CD /* Info.plist */,
				0956793C2BC7C64D0030F0CD /* .gitignore */,
			);
			path = LSLPPractice;
			sourceTree = "<group>";
		};
		095679422BC7C6A10030F0CD /* Base */ = {
			isa = PBXGroup;
			children = (
				095679432BC7C6B80030F0CD /* BaseView.swift */,
				095679452BC7C6E90030F0CD /* BaseViewController.swift */,
			);
			path = Base;
			sourceTree = "<group>";
		};
		095679472BC7C76E0030F0CD /* Login */ = {
			isa = PBXGroup;
			children = (
				0956794A2BC7C7860030F0CD /* LoginView.swift */,
				095679482BC7C7770030F0CD /* LoginViewController.swift */,
				095679582BC7CF640030F0CD /* LoginViewModel.swift */,
				095679522BC7CB1D0030F0CD /* JoinView.swift */,
				095679562BC7CEA60030F0CD /* JoinViewController.swift */,
				0956795A2BC7D0C80030F0CD /* JoinViewModel.swift */,
			);
			path = Login;
			sourceTree = "<group>";
		};
		0956794C2BC7C7F10030F0CD /* Extension */ = {
			isa = PBXGroup;
			children = (
				0956794D2BC7C7FF0030F0CD /* UIButton.Configuration+Extension.swift */,
			);
			path = Extension;
			sourceTree = "<group>";
		};
		0956794F2BC7C8F40030F0CD /* Custom */ = {
			isa = PBXGroup;
			children = (
				095679502BC7C90B0030F0CD /* Line.swift */,
				095679542BC7CBF30030F0CD /* JoinLabel.swift */,
			);
			path = Custom;
			sourceTree = "<group>";
		};
		0956795C2BC7DF410030F0CD /* Network */ = {
			isa = PBXGroup;
			children = (
				095679652BC7E3920030F0CD /* Query */,
				0956796C2BC7E4C30030F0CD /* Model */,
				0956795D2BC7DF4E0030F0CD /* APIKey.swift */,
				0956795F2BC7DFA00030F0CD /* HTTPHeader.swift */,
				095679612BC7E0410030F0CD /* TargetType.swift */,
				095679632BC7E0D30030F0CD /* Router.swift */,
				0956796A2BC7E48B0030F0CD /* NetworkManager.swift */,
			);
			path = Network;
			sourceTree = "<group>";
		};
		095679652BC7E3920030F0CD /* Query */ = {
			isa = PBXGroup;
			children = (
				095679662BC7E3A10030F0CD /* JoinQuery.swift */,
				095679682BC7E3BF0030F0CD /* LoginQuery.swift */,
			);
			path = Query;
			sourceTree = "<group>";
		};
		0956796C2BC7E4C30030F0CD /* Model */ = {
			isa = PBXGroup;
			children = (
				0956796D2BC7E4F50030F0CD /* JoinModel.swift */,
				0956796F2BC7E5350030F0CD /* LoginModel.swift */,
				095679762BC8032F0030F0CD /* ProfileModel.swift */,
				0956797A2BC809D10030F0CD /* WithdrawModel.swift */,
				0956797C2BC80BDC0030F0CD /* TokenModel.swift */,
			);
			path = Model;
			sourceTree = "<group>";
		};
		095679712BC7EAD60030F0CD /* Profile */ = {
			isa = PBXGroup;
			children = (
				095679722BC7EAE90030F0CD /* ProfileView.swift */,
				095679742BC7EAF90030F0CD /* ProfileViewController.swift */,
				095679782BC803CE0030F0CD /* ProfileViewModel.swift */,
			);
			path = Profile;
			sourceTree = "<group>";
		};
		0956797E2BC821490030F0CD /* Home */ = {
			isa = PBXGroup;
			children = (
				095679812BC821580030F0CD /* HomeView.swift */,
				0956797F2BC821500030F0CD /* HomeViewController.swift */,
			);
			path = Home;
			sourceTree = "<group>";
		};
/* End PBXGroup section */

/* Begin PBXNativeTarget section */
		095679192BC7C5870030F0CD /* LSLPPractice */ = {
			isa = PBXNativeTarget;
			buildConfigurationList = 0956792E2BC7C5880030F0CD /* Build configuration list for PBXNativeTarget "LSLPPractice" */;
			buildPhases = (
				095679162BC7C5870030F0CD /* Sources */,
				095679172BC7C5870030F0CD /* Frameworks */,
				095679182BC7C5870030F0CD /* Resources */,
			);
			buildRules = (
			);
			dependencies = (
			);
			name = LSLPPractice;
			packageProductDependencies = (
				095679322BC7C5BD0030F0CD /* SnapKit */,
				095679352BC7C6150030F0CD /* Alamofire */,
				095679382BC7C6340030F0CD /* RxCocoa */,
				0956793A2BC7C6340030F0CD /* RxSwift */,
			);
			productName = LSLPPractice;
			productReference = 0956791A2BC7C5870030F0CD /* LSLPPractice.app */;
			productType = "com.apple.product-type.application";
		};
/* End PBXNativeTarget section */

/* Begin PBXProject section */
		095679122BC7C5870030F0CD /* Project object */ = {
			isa = PBXProject;
			attributes = {
				BuildIndependentTargetsInParallel = 1;
				LastSwiftUpdateCheck = 1510;
				LastUpgradeCheck = 1510;
				TargetAttributes = {
					095679192BC7C5870030F0CD = {
						CreatedOnToolsVersion = 15.1;
					};
				};
			};
			buildConfigurationList = 095679152BC7C5870030F0CD /* Build configuration list for PBXProject "LSLPPractice" */;
			compatibilityVersion = "Xcode 14.0";
			developmentRegion = en;
			hasScannedForEncodings = 0;
			knownRegions = (
				en,
				Base,
			);
			mainGroup = 095679112BC7C5870030F0CD;
			packageReferences = (
				095679312BC7C5BD0030F0CD /* XCRemoteSwiftPackageReference "SnapKit" */,
				095679342BC7C6150030F0CD /* XCRemoteSwiftPackageReference "Alamofire" */,
				095679372BC7C6340030F0CD /* XCRemoteSwiftPackageReference "RxSwift" */,
			);
			productRefGroup = 0956791B2BC7C5870030F0CD /* Products */;
			projectDirPath = "";
			projectRoot = "";
			targets = (
				095679192BC7C5870030F0CD /* LSLPPractice */,
			);
		};
/* End PBXProject section */

/* Begin PBXResourcesBuildPhase section */
		095679182BC7C5870030F0CD /* Resources */ = {
			isa = PBXResourcesBuildPhase;
			buildActionMask = 2147483647;
			files = (
				0956793D2BC7C64D0030F0CD /* .gitignore in Resources */,
				0956792A2BC7C5880030F0CD /* LaunchScreen.storyboard in Resources */,
				095679272BC7C5880030F0CD /* Assets.xcassets in Resources */,
				095679252BC7C5870030F0CD /* Main.storyboard in Resources */,
			);
			runOnlyForDeploymentPostprocessing = 0;
		};
/* End PBXResourcesBuildPhase section */

/* Begin PBXSourcesBuildPhase section */
		095679162BC7C5870030F0CD /* Sources */ = {
			isa = PBXSourcesBuildPhase;
			buildActionMask = 2147483647;
			files = (
				0956795B2BC7D0C80030F0CD /* JoinViewModel.swift in Sources */,
				095679552BC7CBF30030F0CD /* JoinLabel.swift in Sources */,
				095679492BC7C7770030F0CD /* LoginViewController.swift in Sources */,
				095679792BC803CE0030F0CD /* ProfileViewModel.swift in Sources */,
				0956796B2BC7E48B0030F0CD /* NetworkManager.swift in Sources */,
				095679802BC821500030F0CD /* HomeViewController.swift in Sources */,
				0956794E2BC7C7FF0030F0CD /* UIButton.Configuration+Extension.swift in Sources */,
				0956796E2BC7E4F50030F0CD /* JoinModel.swift in Sources */,
				095679642BC7E0D30030F0CD /* Router.swift in Sources */,
				095679602BC7DFA00030F0CD /* HTTPHeader.swift in Sources */,
				0956795E2BC7DF4E0030F0CD /* APIKey.swift in Sources */,
				095679672BC7E3A10030F0CD /* JoinQuery.swift in Sources */,
				0956794B2BC7C7860030F0CD /* LoginView.swift in Sources */,
				095679462BC7C6E90030F0CD /* BaseViewController.swift in Sources */,
				095679692BC7E3BF0030F0CD /* LoginQuery.swift in Sources */,
				095679772BC8032F0030F0CD /* ProfileModel.swift in Sources */,
				095679822BC821580030F0CD /* HomeView.swift in Sources */,
				095679702BC7E5350030F0CD /* LoginModel.swift in Sources */,
				095679222BC7C5870030F0CD /* ViewController.swift in Sources */,
				0956791E2BC7C5870030F0CD /* AppDelegate.swift in Sources */,
				095679732BC7EAE90030F0CD /* ProfileView.swift in Sources */,
				095679512BC7C90B0030F0CD /* Line.swift in Sources */,
				095679592BC7CF640030F0CD /* LoginViewModel.swift in Sources */,
				0956797B2BC809D10030F0CD /* WithdrawModel.swift in Sources */,
				095679202BC7C5870030F0CD /* SceneDelegate.swift in Sources */,
				095679532BC7CB1D0030F0CD /* JoinView.swift in Sources */,
				095679572BC7CEA60030F0CD /* JoinViewController.swift in Sources */,
				095679752BC7EAF90030F0CD /* ProfileViewController.swift in Sources */,
				095679442BC7C6B80030F0CD /* BaseView.swift in Sources */,
				095679622BC7E0410030F0CD /* TargetType.swift in Sources */,
				0956797D2BC80BDC0030F0CD /* TokenModel.swift in Sources */,
			);
			runOnlyForDeploymentPostprocessing = 0;
		};
/* End PBXSourcesBuildPhase section */

/* Begin PBXVariantGroup section */
		095679232BC7C5870030F0CD /* Main.storyboard */ = {
			isa = PBXVariantGroup;
			children = (
				095679242BC7C5870030F0CD /* Base */,
			);
			name = Main.storyboard;
			sourceTree = "<group>";
		};
		095679282BC7C5880030F0CD /* LaunchScreen.storyboard */ = {
			isa = PBXVariantGroup;
			children = (
				095679292BC7C5880030F0CD /* Base */,
			);
			name = LaunchScreen.storyboard;
			sourceTree = "<group>";
		};
/* End PBXVariantGroup section */

/* Begin XCBuildConfiguration section */
		0956792C2BC7C5880030F0CD /* Debug */ = {
			isa = XCBuildConfiguration;
			buildSettings = {
				ALWAYS_SEARCH_USER_PATHS = NO;
				ASSETCATALOG_COMPILER_GENERATE_SWIFT_ASSET_SYMBOL_EXTENSIONS = YES;
				CLANG_ANALYZER_NONNULL = YES;
				CLANG_ANALYZER_NUMBER_OBJECT_CONVERSION = YES_AGGRESSIVE;
				CLANG_CXX_LANGUAGE_STANDARD = "gnu++20";
				CLANG_ENABLE_MODULES = YES;
				CLANG_ENABLE_OBJC_ARC = YES;
				CLANG_ENABLE_OBJC_WEAK = YES;
				CLANG_WARN_BLOCK_CAPTURE_AUTORELEASING = YES;
				CLANG_WARN_BOOL_CONVERSION = YES;
				CLANG_WARN_COMMA = YES;
				CLANG_WARN_CONSTANT_CONVERSION = YES;
				CLANG_WARN_DEPRECATED_OBJC_IMPLEMENTATIONS = YES;
				CLANG_WARN_DIRECT_OBJC_ISA_USAGE = YES_ERROR;
				CLANG_WARN_DOCUMENTATION_COMMENTS = YES;
				CLANG_WARN_EMPTY_BODY = YES;
				CLANG_WARN_ENUM_CONVERSION = YES;
				CLANG_WARN_INFINITE_RECURSION = YES;
				CLANG_WARN_INT_CONVERSION = YES;
				CLANG_WARN_NON_LITERAL_NULL_CONVERSION = YES;
				CLANG_WARN_OBJC_IMPLICIT_RETAIN_SELF = YES;
				CLANG_WARN_OBJC_LITERAL_CONVERSION = YES;
				CLANG_WARN_OBJC_ROOT_CLASS = YES_ERROR;
				CLANG_WARN_QUOTED_INCLUDE_IN_FRAMEWORK_HEADER = YES;
				CLANG_WARN_RANGE_LOOP_ANALYSIS = YES;
				CLANG_WARN_STRICT_PROTOTYPES = YES;
				CLANG_WARN_SUSPICIOUS_MOVE = YES;
				CLANG_WARN_UNGUARDED_AVAILABILITY = YES_AGGRESSIVE;
				CLANG_WARN_UNREACHABLE_CODE = YES;
				CLANG_WARN__DUPLICATE_METHOD_MATCH = YES;
				COPY_PHASE_STRIP = NO;
				DEBUG_INFORMATION_FORMAT = dwarf;
				ENABLE_STRICT_OBJC_MSGSEND = YES;
				ENABLE_TESTABILITY = YES;
				ENABLE_USER_SCRIPT_SANDBOXING = YES;
				GCC_C_LANGUAGE_STANDARD = gnu17;
				GCC_DYNAMIC_NO_PIC = NO;
				GCC_NO_COMMON_BLOCKS = YES;
				GCC_OPTIMIZATION_LEVEL = 0;
				GCC_PREPROCESSOR_DEFINITIONS = (
					"DEBUG=1",
					"$(inherited)",
				);
				GCC_WARN_64_TO_32_BIT_CONVERSION = YES;
				GCC_WARN_ABOUT_RETURN_TYPE = YES_ERROR;
				GCC_WARN_UNDECLARED_SELECTOR = YES;
				GCC_WARN_UNINITIALIZED_AUTOS = YES_AGGRESSIVE;
				GCC_WARN_UNUSED_FUNCTION = YES;
				GCC_WARN_UNUSED_VARIABLE = YES;
				IPHONEOS_DEPLOYMENT_TARGET = 17.2;
				LOCALIZATION_PREFERS_STRING_CATALOGS = YES;
				MTL_ENABLE_DEBUG_INFO = INCLUDE_SOURCE;
				MTL_FAST_MATH = YES;
				ONLY_ACTIVE_ARCH = YES;
				SDKROOT = iphoneos;
				SWIFT_ACTIVE_COMPILATION_CONDITIONS = "DEBUG $(inherited)";
				SWIFT_OPTIMIZATION_LEVEL = "-Onone";
			};
			name = Debug;
		};
		0956792D2BC7C5880030F0CD /* Release */ = {
			isa = XCBuildConfiguration;
			buildSettings = {
				ALWAYS_SEARCH_USER_PATHS = NO;
				ASSETCATALOG_COMPILER_GENERATE_SWIFT_ASSET_SYMBOL_EXTENSIONS = YES;
				CLANG_ANALYZER_NONNULL = YES;
				CLANG_ANALYZER_NUMBER_OBJECT_CONVERSION = YES_AGGRESSIVE;
				CLANG_CXX_LANGUAGE_STANDARD = "gnu++20";
				CLANG_ENABLE_MODULES = YES;
				CLANG_ENABLE_OBJC_ARC = YES;
				CLANG_ENABLE_OBJC_WEAK = YES;
				CLANG_WARN_BLOCK_CAPTURE_AUTORELEASING = YES;
				CLANG_WARN_BOOL_CONVERSION = YES;
				CLANG_WARN_COMMA = YES;
				CLANG_WARN_CONSTANT_CONVERSION = YES;
				CLANG_WARN_DEPRECATED_OBJC_IMPLEMENTATIONS = YES;
				CLANG_WARN_DIRECT_OBJC_ISA_USAGE = YES_ERROR;
				CLANG_WARN_DOCUMENTATION_COMMENTS = YES;
				CLANG_WARN_EMPTY_BODY = YES;
				CLANG_WARN_ENUM_CONVERSION = YES;
				CLANG_WARN_INFINITE_RECURSION = YES;
				CLANG_WARN_INT_CONVERSION = YES;
				CLANG_WARN_NON_LITERAL_NULL_CONVERSION = YES;
				CLANG_WARN_OBJC_IMPLICIT_RETAIN_SELF = YES;
				CLANG_WARN_OBJC_LITERAL_CONVERSION = YES;
				CLANG_WARN_OBJC_ROOT_CLASS = YES_ERROR;
				CLANG_WARN_QUOTED_INCLUDE_IN_FRAMEWORK_HEADER = YES;
				CLANG_WARN_RANGE_LOOP_ANALYSIS = YES;
				CLANG_WARN_STRICT_PROTOTYPES = YES;
				CLANG_WARN_SUSPICIOUS_MOVE = YES;
				CLANG_WARN_UNGUARDED_AVAILABILITY = YES_AGGRESSIVE;
				CLANG_WARN_UNREACHABLE_CODE = YES;
				CLANG_WARN__DUPLICATE_METHOD_MATCH = YES;
				COPY_PHASE_STRIP = NO;
				DEBUG_INFORMATION_FORMAT = "dwarf-with-dsym";
				ENABLE_NS_ASSERTIONS = NO;
				ENABLE_STRICT_OBJC_MSGSEND = YES;
				ENABLE_USER_SCRIPT_SANDBOXING = YES;
				GCC_C_LANGUAGE_STANDARD = gnu17;
				GCC_NO_COMMON_BLOCKS = YES;
				GCC_WARN_64_TO_32_BIT_CONVERSION = YES;
				GCC_WARN_ABOUT_RETURN_TYPE = YES_ERROR;
				GCC_WARN_UNDECLARED_SELECTOR = YES;
				GCC_WARN_UNINITIALIZED_AUTOS = YES_AGGRESSIVE;
				GCC_WARN_UNUSED_FUNCTION = YES;
				GCC_WARN_UNUSED_VARIABLE = YES;
				IPHONEOS_DEPLOYMENT_TARGET = 17.2;
				LOCALIZATION_PREFERS_STRING_CATALOGS = YES;
				MTL_ENABLE_DEBUG_INFO = NO;
				MTL_FAST_MATH = YES;
				SDKROOT = iphoneos;
				SWIFT_COMPILATION_MODE = wholemodule;
				VALIDATE_PRODUCT = YES;
			};
			name = Release;
		};
		0956792F2BC7C5880030F0CD /* Debug */ = {
			isa = XCBuildConfiguration;
			buildSettings = {
				ASSETCATALOG_COMPILER_APPICON_NAME = AppIcon;
				ASSETCATALOG_COMPILER_GLOBAL_ACCENT_COLOR_NAME = AccentColor;
				CODE_SIGN_STYLE = Automatic;
				CURRENT_PROJECT_VERSION = 1;
				GENERATE_INFOPLIST_FILE = YES;
				INFOPLIST_FILE = LSLPPractice/Info.plist;
				INFOPLIST_KEY_UIApplicationSupportsIndirectInputEvents = YES;
				INFOPLIST_KEY_UILaunchStoryboardName = LaunchScreen;
				INFOPLIST_KEY_UIMainStoryboardFile = Main;
				INFOPLIST_KEY_UISupportedInterfaceOrientations_iPad = "UIInterfaceOrientationPortrait UIInterfaceOrientationPortraitUpsideDown UIInterfaceOrientationLandscapeLeft UIInterfaceOrientationLandscapeRight";
				INFOPLIST_KEY_UISupportedInterfaceOrientations_iPhone = "UIInterfaceOrientationPortrait UIInterfaceOrientationLandscapeLeft UIInterfaceOrientationLandscapeRight";
				LD_RUNPATH_SEARCH_PATHS = (
					"$(inherited)",
					"@executable_path/Frameworks",
				);
				MARKETING_VERSION = 1.0;
				PRODUCT_BUNDLE_IDENTIFIER = com.j.LSLPPractice;
				PRODUCT_NAME = "$(TARGET_NAME)";
				SWIFT_EMIT_LOC_STRINGS = YES;
				SWIFT_VERSION = 5.0;
				TARGETED_DEVICE_FAMILY = "1,2";
			};
			name = Debug;
		};
		095679302BC7C5880030F0CD /* Release */ = {
			isa = XCBuildConfiguration;
			buildSettings = {
				ASSETCATALOG_COMPILER_APPICON_NAME = AppIcon;
				ASSETCATALOG_COMPILER_GLOBAL_ACCENT_COLOR_NAME = AccentColor;
				CODE_SIGN_STYLE = Automatic;
				CURRENT_PROJECT_VERSION = 1;
				GENERATE_INFOPLIST_FILE = YES;
				INFOPLIST_FILE = LSLPPractice/Info.plist;
				INFOPLIST_KEY_UIApplicationSupportsIndirectInputEvents = YES;
				INFOPLIST_KEY_UILaunchStoryboardName = LaunchScreen;
				INFOPLIST_KEY_UIMainStoryboardFile = Main;
				INFOPLIST_KEY_UISupportedInterfaceOrientations_iPad = "UIInterfaceOrientationPortrait UIInterfaceOrientationPortraitUpsideDown UIInterfaceOrientationLandscapeLeft UIInterfaceOrientationLandscapeRight";
				INFOPLIST_KEY_UISupportedInterfaceOrientations_iPhone = "UIInterfaceOrientationPortrait UIInterfaceOrientationLandscapeLeft UIInterfaceOrientationLandscapeRight";
				LD_RUNPATH_SEARCH_PATHS = (
					"$(inherited)",
					"@executable_path/Frameworks",
				);
				MARKETING_VERSION = 1.0;
				PRODUCT_BUNDLE_IDENTIFIER = com.j.LSLPPractice;
				PRODUCT_NAME = "$(TARGET_NAME)";
				SWIFT_EMIT_LOC_STRINGS = YES;
				SWIFT_VERSION = 5.0;
				TARGETED_DEVICE_FAMILY = "1,2";
			};
			name = Release;
		};
/* End XCBuildConfiguration section */

/* Begin XCConfigurationList section */
		095679152BC7C5870030F0CD /* Build configuration list for PBXProject "LSLPPractice" */ = {
			isa = XCConfigurationList;
			buildConfigurations = (
				0956792C2BC7C5880030F0CD /* Debug */,
				0956792D2BC7C5880030F0CD /* Release */,
			);
			defaultConfigurationIsVisible = 0;
			defaultConfigurationName = Release;
		};
		0956792E2BC7C5880030F0CD /* Build configuration list for PBXNativeTarget "LSLPPractice" */ = {
			isa = XCConfigurationList;
			buildConfigurations = (
				0956792F2BC7C5880030F0CD /* Debug */,
				095679302BC7C5880030F0CD /* Release */,
			);
			defaultConfigurationIsVisible = 0;
			defaultConfigurationName = Release;
		};
/* End XCConfigurationList section */

/* Begin XCRemoteSwiftPackageReference section */
		095679312BC7C5BD0030F0CD /* XCRemoteSwiftPackageReference "SnapKit" */ = {
			isa = XCRemoteSwiftPackageReference;
			repositoryURL = "https://github.com/SnapKit/SnapKit.git";
			requirement = {
				kind = upToNextMajorVersion;
				minimumVersion = 5.7.1;
			};
		};
		095679342BC7C6150030F0CD /* XCRemoteSwiftPackageReference "Alamofire" */ = {
			isa = XCRemoteSwiftPackageReference;
			repositoryURL = "https://github.com/Alamofire/Alamofire.git";
			requirement = {
				kind = upToNextMajorVersion;
				minimumVersion = 5.9.1;
			};
		};
		095679372BC7C6340030F0CD /* XCRemoteSwiftPackageReference "RxSwift" */ = {
			isa = XCRemoteSwiftPackageReference;
			repositoryURL = "https://github.com/ReactiveX/RxSwift.git";
			requirement = {
				kind = upToNextMajorVersion;
				minimumVersion = 6.6.0;
			};
		};
/* End XCRemoteSwiftPackageReference section */

/* Begin XCSwiftPackageProductDependency section */
		095679322BC7C5BD0030F0CD /* SnapKit */ = {
			isa = XCSwiftPackageProductDependency;
			package = 095679312BC7C5BD0030F0CD /* XCRemoteSwiftPackageReference "SnapKit" */;
			productName = SnapKit;
		};
		095679352BC7C6150030F0CD /* Alamofire */ = {
			isa = XCSwiftPackageProductDependency;
			package = 095679342BC7C6150030F0CD /* XCRemoteSwiftPackageReference "Alamofire" */;
			productName = Alamofire;
		};
		095679382BC7C6340030F0CD /* RxCocoa */ = {
			isa = XCSwiftPackageProductDependency;
			package = 095679372BC7C6340030F0CD /* XCRemoteSwiftPackageReference "RxSwift" */;
			productName = RxCocoa;
		};
		0956793A2BC7C6340030F0CD /* RxSwift */ = {
			isa = XCSwiftPackageProductDependency;
			package = 095679372BC7C6340030F0CD /* XCRemoteSwiftPackageReference "RxSwift" */;
			productName = RxSwift;
		};
/* End XCSwiftPackageProductDependency section */
	};
	rootObject = 095679122BC7C5870030F0CD /* Project object */;
}
